
Microsoft Visual Studio Solution File, Format Version 11.00
# Visual Studio 2010
Project("{FAE04EC0-301F-11D3-BF4B-00C04F79EFBC}") = "Loot", "Assembly-CSharp.csproj", "{088601E6-154F-3F14-9EFA-A1DBCEDA8882}"
EndProject
Project("{FAE04EC0-301F-11D3-BF4B-00C04F79EFBC}") = "Loot", "Assembly-CSharp-Editor.csproj", "{A923EE84-6183-7394-ACEB-41CA362C0463}"
EndProject
Global
	GlobalSection(SolutionConfigurationPlatforms) = preSolution
		Debug|Any CPU = Debug|Any CPU
		Release|Any CPU = Release|Any CPU
	EndGlobalSection
	GlobalSection(ProjectConfigurationPlatforms) = postSolution
		{088601E6-154F-3F14-9EFA-A1DBCEDA8882}.Debug|Any CPU.ActiveCfg = Debug|Any CPU
		{088601E6-154F-3F14-9EFA-A1DBCEDA8882}.Debug|Any CPU.Build.0 = Debug|Any CPU
		{088601E6-154F-3F14-9EFA-A1DBCEDA8882}.Release|Any CPU.ActiveCfg = Release|Any CPU
		{088601E6-154F-3F14-9EFA-A1DBCEDA8882}.Release|Any CPU.Build.0 = Release|Any CPU
		{A923EE84-6183-7394-ACEB-41CA362C0463}.Debug|Any CPU.ActiveCfg = Debug|Any CPU
		{A923EE84-6183-7394-ACEB-41CA362C0463}.Debug|Any CPU.Build.0 = Debug|Any CPU
		{A923EE84-6183-7394-ACEB-41CA362C0463}.Release|Any CPU.ActiveCfg = Release|Any CPU
		{A923EE84-6183-7394-ACEB-41CA362C0463}.Release|Any CPU.Build.0 = Release|Any CPU
	EndGlobalSection
	GlobalSection(SolutionProperties) = preSolution
		HideSolutionNode = FALSE
	EndGlobalSection
	GlobalSection(MonoDevelopProperties) = preSolution
		StartupItem = Assembly-CSharp.csproj
	EndGlobalSection
EndGlobal
